
Microsoft Visual Studio Solution File, Format Version 12.00
# Visual Studio Version 17
VisualStudioVersion = 17.14.36301.6 d17.14
MinimumVisualStudioVersion = 10.0.40219.1
Project("{FAE04EC0-301F-11D3-BF4B-00C04F79EFBC}") = "AvaloniaApplication1", "AvaloniaApplication1\AvaloniaApplication1.csproj", "{7D190D3A-869A-406D-B962-9A46611D0B87}"
EndProject
Global
	GlobalSection(SolutionConfigurationPlatforms) = preSolution
		Debug|Any CPU = Debug|Any CPU
		Release|Any CPU = Release|Any CPU
	EndGlobalSection
	GlobalSection(ProjectConfigurationPlatforms) = postSolution
		{7D190D3A-869A-406D-B962-9A46611D0B87}.Debug|Any CPU.ActiveCfg = Debug|Any CPU
		{7D190D3A-869A-406D-B962-9A46611D0B87}.Debug|Any CPU.Build.0 = Debug|Any CPU
		{7D190D3A-869A-406D-B962-9A46611D0B87}.Release|Any CPU.ActiveCfg = Release|Any CPU
		{7D190D3A-869A-406D-B962-9A46611D0B87}.Release|Any CPU.Build.0 = Release|Any CPU
	EndGlobalSection
	GlobalSection(SolutionProperties) = preSolution
		HideSolutionNode = FALSE
	EndGlobalSection
	GlobalSection(ExtensibilityGlobals) = postSolution
		SolutionGuid = {0AF8A820-7FFF-47FA-84DA-63C5C1207550}
	EndGlobalSection
EndGlobal
